// !$*UTF8*$!
{
	archiveVersion = 1;
	classes = {
	};
	objectVersion = 46;
	objects = {

/* Begin PBXBuildFile section */
		3F0CEED71D11AA6E00DD2202 /* main.cpp in Sources */ = {isa = PBXBuildFile; fileRef = 3F0CEED61D11AA6E00DD2202 /* main.cpp */; };
		3FFC445B1E08E62500365AAF /* SharedPointer.cpp in Sources */ = {isa = PBXBuildFile; fileRef = 3FFC44591E08E62500365AAF /* SharedPointer.cpp */; };
/* End PBXBuildFile section */

/* Begin PBXCopyFilesBuildPhase section */
		3F0CEED11D11AA6E00DD2202 /* CopyFiles */ = {
			isa = PBXCopyFilesBuildPhase;
			buildActionMask = 2147483647;
			dstPath = /usr/share/man/man1/;
			dstSubfolderSpec = 0;
			files = (
			);
			runOnlyForDeploymentPostprocessing = 1;
		};
/* End PBXCopyFilesBuildPhase section */

/* Begin PBXFileReference section */
		3F09BF841E226F54005B66CF /* ScopedDelete.h */ = {isa = PBXFileReference; fileEncoding = 4; lastKnownFileType = sourcecode.c.h; path = ScopedDelete.h; sourceTree = "<group>"; };
		3F09BF861E23511E005B66CF /* AssignmentTester.h */ = {isa = PBXFileReference; lastKnownFileType = sourcecode.c.h; path = AssignmentTester.h; sourceTree = "<group>"; };
		3F0CEED31D11AA6E00DD2202 /* C++Test */ = {isa = PBXFileReference; explicitFileType = "compiled.mach-o.executable"; includeInIndex = 0; path = "C++Test"; sourceTree = BUILT_PRODUCTS_DIR; };
		3F0CEED61D11AA6E00DD2202 /* main.cpp */ = {isa = PBXFileReference; lastKnownFileType = sourcecode.cpp.cpp; path = main.cpp; sourceTree = "<group>"; };
		3F2F4AD91E3AF68E00ED6314 /* CommonTestClasses.h */ = {isa = PBXFileReference; lastKnownFileType = sourcecode.c.h; path = CommonTestClasses.h; sourceTree = "<group>"; };
		3F7B54D71E42B43300F4A874 /* Rational.h */ = {isa = PBXFileReference; lastKnownFileType = sourcecode.c.h; path = Rational.h; sourceTree = "<group>"; };
		3FA2F3711E37E5BE00B3D3F0 /* CommonUtils.h */ = {isa = PBXFileReference; lastKnownFileType = sourcecode.c.h; path = CommonUtils.h; sourceTree = "<group>"; };
		3FFC44591E08E62500365AAF /* SharedPointer.cpp */ = {isa = PBXFileReference; fileEncoding = 4; lastKnownFileType = sourcecode.cpp.cpp; path = SharedPointer.cpp; sourceTree = "<group>"; };
		3FFC445A1E08E62500365AAF /* SharedPointer.h */ = {isa = PBXFileReference; fileEncoding = 4; lastKnownFileType = sourcecode.c.h; path = SharedPointer.h; sourceTree = "<group>"; };
/* End PBXFileReference section */

/* Begin PBXFrameworksBuildPhase section */
		3F0CEED01D11AA6E00DD2202 /* Frameworks */ = {
			isa = PBXFrameworksBuildPhase;
			buildActionMask = 2147483647;
			files = (
			);
			runOnlyForDeploymentPostprocessing = 0;
		};
/* End PBXFrameworksBuildPhase section */

/* Begin PBXGroup section */
		3F0CEECA1D11AA6E00DD2202 = {
			isa = PBXGroup;
			children = (
				3F0CEED51D11AA6E00DD2202 /* C++Test */,
				3F0CEED41D11AA6E00DD2202 /* Products */,
			);
			sourceTree = "<group>";
		};
		3F0CEED41D11AA6E00DD2202 /* Products */ = {
			isa = PBXGroup;
			children = (
				3F0CEED31D11AA6E00DD2202 /* C++Test */,
			);
			name = Products;
			sourceTree = "<group>";
		};
		3F0CEED51D11AA6E00DD2202 /* C++Test */ = {
			isa = PBXGroup;
			children = (
				3F0CEED61D11AA6E00DD2202 /* main.cpp */,
				3FFC44591E08E62500365AAF /* SharedPointer.cpp */,
				3FFC445A1E08E62500365AAF /* SharedPointer.h */,
				3F09BF841E226F54005B66CF /* ScopedDelete.h */,
				3F09BF861E23511E005B66CF /* AssignmentTester.h */,
				3FA2F3711E37E5BE00B3D3F0 /* CommonUtils.h */,
				3F2F4AD91E3AF68E00ED6314 /* CommonTestClasses.h */,
				3F7B54D71E42B43300F4A874 /* Rational.h */,
			);
			path = "C++Test";
			sourceTree = "<group>";
		};
/* End PBXGroup section */

/* Begin PBXNativeTarget section */
		3F0CEED21D11AA6E00DD2202 /* C++Test */ = {
			isa = PBXNativeTarget;
			buildConfigurationList = 3F0CEEDA1D11AA6E00DD2202 /* Build configuration list for PBXNativeTarget "C++Test" */;
			buildPhases = (
				3F0CEECF1D11AA6E00DD2202 /* Sources */,
				3F0CEED01D11AA6E00DD2202 /* Frameworks */,
				3F0CEED11D11AA6E00DD2202 /* CopyFiles */,
			);
			buildRules = (
			);
			dependencies = (
			);
			name = "C++Test";
			productName = "C++Test";
			productReference = 3F0CEED31D11AA6E00DD2202 /* C++Test */;
			productType = "com.apple.product-type.tool";
		};
/* End PBXNativeTarget section */

/* Begin PBXProject section */
		3F0CEECB1D11AA6E00DD2202 /* Project object */ = {
			isa = PBXProject;
			attributes = {
				LastUpgradeCheck = 0720;
				ORGANIZATIONNAME = Adobe;
				TargetAttributes = {
					3F0CEED21D11AA6E00DD2202 = {
						CreatedOnToolsVersion = 7.2;
					};
				};
			};
			buildConfigurationList = 3F0CEECE1D11AA6E00DD2202 /* Build configuration list for PBXProject "C++Test" */;
			compatibilityVersion = "Xcode 3.2";
			developmentRegion = English;
			hasScannedForEncodings = 0;
			knownRegions = (
				en,
			);
			mainGroup = 3F0CEECA1D11AA6E00DD2202;
			productRefGroup = 3F0CEED41D11AA6E00DD2202 /* Products */;
			projectDirPath = "";
			projectRoot = "";
			targets = (
				3F0CEED21D11AA6E00DD2202 /* C++Test */,
			);
		};
/* End PBXProject section */

/* Begin PBXSourcesBuildPhase section */
		3F0CEECF1D11AA6E00DD2202 /* Sources */ = {
			isa = PBXSourcesBuildPhase;
			buildActionMask = 2147483647;
			files = (
				3FFC445B1E08E62500365AAF /* SharedPointer.cpp in Sources */,
				3F0CEED71D11AA6E00DD2202 /* main.cpp in Sources */,
			);
			runOnlyForDeploymentPostprocessing = 0;
		};
/* End PBXSourcesBuildPhase section */

/* Begin XCBuildConfiguration section */
		3F0CEED81D11AA6E00DD2202 /* Debug */ = {
			isa = XCBuildConfiguration;
			buildSettings = {
				ALWAYS_SEARCH_USER_PATHS = NO;
				CLANG_CXX_LANGUAGE_STANDARD = "gnu++0x";
				CLANG_CXX_LIBRARY = "libc++";
				CLANG_ENABLE_MODULES = YES;
				CLANG_ENABLE_OBJC_ARC = YES;
				CLANG_WARN_BOOL_CONVERSION = YES;
				CLANG_WARN_CONSTANT_CONVERSION = YES;
				CLANG_WARN_DIRECT_OBJC_ISA_USAGE = YES_ERROR;
				CLANG_WARN_EMPTY_BODY = YES;
				CLANG_WARN_ENUM_CONVERSION = YES;
				CLANG_WARN_INT_CONVERSION = YES;
				CLANG_WARN_OBJC_ROOT_CLASS = YES_ERROR;
				CLANG_WARN_UNREACHABLE_CODE = YES;
				CLANG_WARN__DUPLICATE_METHOD_MATCH = YES;
				CODE_SIGN_IDENTITY = "-";
				COPY_PHASE_STRIP = NO;
				DEBUG_INFORMATION_FORMAT = dwarf;
				ENABLE_STRICT_OBJC_MSGSEND = YES;
				ENABLE_TESTABILITY = YES;
				GCC_C_LANGUAGE_STANDARD = gnu99;
				GCC_DYNAMIC_NO_PIC = NO;
				GCC_NO_COMMON_BLOCKS = YES;
				GCC_OPTIMIZATION_LEVEL = 0;
				GCC_PREPROCESSOR_DEFINITIONS = (
					"DEBUG=1",
					"$(inherited)",
				);
				GCC_WARN_64_TO_32_BIT_CONVERSION = YES;
				GCC_WARN_ABOUT_RETURN_TYPE = YES_ERROR;
				GCC_WARN_UNDECLARED_SELECTOR = YES;
				GCC_WARN_UNINITIALIZED_AUTOS = YES_AGGRESSIVE;
				GCC_WARN_UNUSED_FUNCTION = YES;
				GCC_WARN_UNUSED_VARIABLE = YES;
				MACOSX_DEPLOYMENT_TARGET = 10.11;
				MTL_ENABLE_DEBUG_INFO = YES;
				ONLY_ACTIVE_ARCH = YES;
				SDKROOT = macosx;
			};
			name = Debug;
		};
		3F0CEED91D11AA6E00DD2202 /* Release */ = {
			isa = XCBuildConfiguration;
			buildSettings = {
				ALWAYS_SEARCH_USER_PATHS = NO;
				CLANG_CXX_LANGUAGE_STANDARD = "gnu++0x";
				CLANG_CXX_LIBRARY = "libc++";
				CLANG_ENABLE_MODULES = YES;
				CLANG_ENABLE_OBJC_ARC = YES;
				CLANG_WARN_BOOL_CONVERSION = YES;
				CLANG_WARN_CONSTANT_CONVERSION = YES;
				CLANG_WARN_DIRECT_OBJC_ISA_USAGE = YES_ERROR;
				CLANG_WARN_EMPTY_BODY = YES;
				CLANG_WARN_ENUM_CONVERSION = YES;
				CLANG_WARN_INT_CONVERSION = YES;
				CLANG_WARN_OBJC_ROOT_CLASS = YES_ERROR;
				CLANG_WARN_UNREACHABLE_CODE = YES;
				CLANG_WARN__DUPLICATE_METHOD_MATCH = YES;
				CODE_SIGN_IDENTITY = "-";
				COPY_PHASE_STRIP = NO;
				DEBUG_INFORMATION_FORMAT = "dwarf-with-dsym";
				ENABLE_NS_ASSERTIONS = NO;
				ENABLE_STRICT_OBJC_MSGSEND = YES;
				GCC_C_LANGUAGE_STANDARD = gnu99;
				GCC_NO_COMMON_BLOCKS = YES;
				GCC_WARN_64_TO_32_BIT_CONVERSION = YES;
				GCC_WARN_ABOUT_RETURN_TYPE = YES_ERROR;
				GCC_WARN_UNDECLARED_SELECTOR = YES;
				GCC_WARN_UNINITIALIZED_AUTOS = YES_AGGRESSIVE;
				GCC_WARN_UNUSED_FUNCTION = YES;
				GCC_WARN_UNUSED_VARIABLE = YES;
				MACOSX_DEPLOYMENT_TARGET = 10.11;
				MTL_ENABLE_DEBUG_INFO = NO;
				SDKROOT = macosx;
			};
			name = Release;
		};
		3F0CEEDB1D11AA6E00DD2202 /* Debug */ = {
			isa = XCBuildConfiguration;
			buildSettings = {
				CLANG_CXX_LANGUAGE_STANDARD = "c++0x";
				OTHER_CPLUSPLUSFLAGS = "$(OTHER_CFLAGS)";
				PRODUCT_NAME = "$(TARGET_NAME)";
			};
			name = Debug;
		};
		3F0CEEDC1D11AA6E00DD2202 /* Release */ = {
			isa = XCBuildConfiguration;
			buildSettings = {
				CLANG_CXX_LANGUAGE_STANDARD = "c++0x";
				OTHER_CPLUSPLUSFLAGS = "$(OTHER_CFLAGS)";
				PRODUCT_NAME = "$(TARGET_NAME)";
			};
			name = Release;
		};
/* End XCBuildConfiguration section */

/* Begin XCConfigurationList section */
		3F0CEECE1D11AA6E00DD2202 /* Build configuration list for PBXProject "C++Test" */ = {
			isa = XCConfigurationList;
			buildConfigurations = (
				3F0CEED81D11AA6E00DD2202 /* Debug */,
				3F0CEED91D11AA6E00DD2202 /* Release */,
			);
			defaultConfigurationIsVisible = 0;
			defaultConfigurationName = Release;
		};
		3F0CEEDA1D11AA6E00DD2202 /* Build configuration list for PBXNativeTarget "C++Test" */ = {
			isa = XCConfigurationList;
			buildConfigurations = (
				3F0CEEDB1D11AA6E00DD2202 /* Debug */,
				3F0CEEDC1D11AA6E00DD2202 /* Release */,
			);
			defaultConfigurationIsVisible = 0;
			defaultConfigurationName = Release;
		};
/* End XCConfigurationList section */
	};
	rootObject = 3F0CEECB1D11AA6E00DD2202 /* Project object */;
}
